
Microsoft Visual Studio Solution File, Format Version 12.00
# Visual Studio 14
VisualStudioVersion = 14.0.23107.0
MinimumVisualStudioVersion = 10.0.40219.1
Project("{8BC9CEB8-8B4A-11D0-8D11-00A0C91BC942}") = "inet_adrconv_win", "inet_adrconv_win\inet_adrconv_win.vcxproj", "{6B7A6A7B-F63E-4ACF-883E-746E7F301AF1}"
EndProject
Global
	GlobalSection(SolutionConfigurationPlatforms) = preSolution
		Debug|x64 = Debug|x64
		Debug|x86 = Debug|x86
		Release|x64 = Release|x64
		Release|x86 = Release|x86
	EndGlobalSection
	GlobalSection(ProjectConfigurationPlatforms) = postSolution
		{6B7A6A7B-F63E-4ACF-883E-746E7F301AF1}.Debug|x64.ActiveCfg = Debug|x64
		{6B7A6A7B-F63E-4ACF-883E-746E7F301AF1}.Debug|x64.Build.0 = Debug|x64
		{6B7A6A7B-F63E-4ACF-883E-746E7F301AF1}.Debug|x86.ActiveCfg = Debug|Win32
		{6B7A6A7B-F63E-4ACF-883E-746E7F301AF1}.Debug|x86.Build.0 = Debug|Win32
		{6B7A6A7B-F63E-4ACF-883E-746E7F301AF1}.Release|x64.ActiveCfg = Release|x64
		{6B7A6A7B-F63E-4ACF-883E-746E7F301AF1}.Release|x64.Build.0 = Release|x64
		{6B7A6A7B-F63E-4ACF-883E-746E7F301AF1}.Release|x86.ActiveCfg = Release|Win32
		{6B7A6A7B-F63E-4ACF-883E-746E7F301AF1}.Release|x86.Build.0 = Release|Win32
	EndGlobalSection
	GlobalSection(SolutionProperties) = preSolution
		HideSolutionNode = FALSE
	EndGlobalSection
EndGlobal
